// !$*UTF8*$!
{
	archiveVersion = 1;
	classes = {
	};
	objectVersion = 55;
	objects = {

/* Begin PBXBuildFile section */
		7C8C629227C520610051BF69 /* AppDelegate.swift in Sources */ = {isa = PBXBuildFile; fileRef = 7C8C629127C520610051BF69 /* AppDelegate.swift */; };
		7C8C629427C520610051BF69 /* SceneDelegate.swift in Sources */ = {isa = PBXBuildFile; fileRef = 7C8C629327C520610051BF69 /* SceneDelegate.swift */; };
		7C8C629627C520610051BF69 /* ViewController.swift in Sources */ = {isa = PBXBuildFile; fileRef = 7C8C629527C520610051BF69 /* ViewController.swift */; };
		7C8C629927C520610051BF69 /* Main.storyboard in Resources */ = {isa = PBXBuildFile; fileRef = 7C8C629727C520610051BF69 /* Main.storyboard */; };
		7C8C629B27C520620051BF69 /* Assets.xcassets in Resources */ = {isa = PBXBuildFile; fileRef = 7C8C629A27C520620051BF69 /* Assets.xcassets */; };
		7C8C629E27C520620051BF69 /* LaunchScreen.storyboard in Resources */ = {isa = PBXBuildFile; fileRef = 7C8C629C27C520620051BF69 /* LaunchScreen.storyboard */; };
		7C8C62A827C538AB0051BF69 /* welcomePageViewController.swift in Sources */ = {isa = PBXBuildFile; fileRef = 7C8C62A727C538AB0051BF69 /* welcomePageViewController.swift */; };
		7C8C62AA27C5397F0051BF69 /* CalcPageViewController.swift in Sources */ = {isa = PBXBuildFile; fileRef = 7C8C62A927C5397F0051BF69 /* CalcPageViewController.swift */; };
		7C8C62AC27C53A860051BF69 /* changePwdPageViewController.swift in Sources */ = {isa = PBXBuildFile; fileRef = 7C8C62AB27C53A860051BF69 /* changePwdPageViewController.swift */; };
/* End PBXBuildFile section */

/* Begin PBXFileReference section */
		7C8C628E27C520610051BF69 /* LOGIN_CALCULATOR.app */ = {isa = PBXFileReference; explicitFileType = wrapper.application; includeInIndex = 0; path = LOGIN_CALCULATOR.app; sourceTree = BUILT_PRODUCTS_DIR; };
		7C8C629127C520610051BF69 /* AppDelegate.swift */ = {isa = PBXFileReference; lastKnownFileType = sourcecode.swift; path = AppDelegate.swift; sourceTree = "<group>"; };
		7C8C629327C520610051BF69 /* SceneDelegate.swift */ = {isa = PBXFileReference; lastKnownFileType = sourcecode.swift; path = SceneDelegate.swift; sourceTree = "<group>"; };
		7C8C629527C520610051BF69 /* ViewController.swift */ = {isa = PBXFileReference; lastKnownFileType = sourcecode.swift; path = ViewController.swift; sourceTree = "<group>"; };
		7C8C629827C520610051BF69 /* Base */ = {isa = PBXFileReference; lastKnownFileType = file.storyboard; name = Base; path = Base.lproj/Main.storyboard; sourceTree = "<group>"; };
		7C8C629A27C520620051BF69 /* Assets.xcassets */ = {isa = PBXFileReference; lastKnownFileType = folder.assetcatalog; path = Assets.xcassets; sourceTree = "<group>"; };
		7C8C629D27C520620051BF69 /* Base */ = {isa = PBXFileReference; lastKnownFileType = file.storyboard; name = Base; path = Base.lproj/LaunchScreen.storyboard; sourceTree = "<group>"; };
		7C8C629F27C520620051BF69 /* Info.plist */ = {isa = PBXFileReference; lastKnownFileType = text.plist.xml; path = Info.plist; sourceTree = "<group>"; };
		7C8C62A727C538AB0051BF69 /* welcomePageViewController.swift */ = {isa = PBXFileReference; lastKnownFileType = sourcecode.swift; path = welcomePageViewController.swift; sourceTree = "<group>"; };
		7C8C62A927C5397F0051BF69 /* CalcPageViewController.swift */ = {isa = PBXFileReference; lastKnownFileType = sourcecode.swift; path = CalcPageViewController.swift; sourceTree = "<group>"; };
		7C8C62AB27C53A860051BF69 /* changePwdPageViewController.swift */ = {isa = PBXFileReference; lastKnownFileType = sourcecode.swift; path = changePwdPageViewController.swift; sourceTree = "<group>"; };
/* End PBXFileReference section */

/* Begin PBXFrameworksBuildPhase section */
		7C8C628B27C520610051BF69 /* Frameworks */ = {
			isa = PBXFrameworksBuildPhase;
			buildActionMask = 2147483647;
			files = (
			);
			runOnlyForDeploymentPostprocessing = 0;
		};
/* End PBXFrameworksBuildPhase section */

/* Begin PBXGroup section */
		7C8C628527C520610051BF69 = {
			isa = PBXGroup;
			children = (
				7C8C629027C520610051BF69 /* LOGIN_CALCULATOR */,
				7C8C628F27C520610051BF69 /* Products */,
			);
			sourceTree = "<group>";
		};
		7C8C628F27C520610051BF69 /* Products */ = {
			isa = PBXGroup;
			children = (
				7C8C628E27C520610051BF69 /* LOGIN_CALCULATOR.app */,
			);
			name = Products;
			sourceTree = "<group>";
		};
		7C8C629027C520610051BF69 /* LOGIN_CALCULATOR */ = {
			isa = PBXGroup;
			children = (
				7C8C629127C520610051BF69 /* AppDelegate.swift */,
				7C8C629327C520610051BF69 /* SceneDelegate.swift */,
				7C8C629527C520610051BF69 /* ViewController.swift */,
				7C8C629727C520610051BF69 /* Main.storyboard */,
				7C8C62A727C538AB0051BF69 /* welcomePageViewController.swift */,
				7C8C62AB27C53A860051BF69 /* changePwdPageViewController.swift */,
				7C8C62A927C5397F0051BF69 /* CalcPageViewController.swift */,
				7C8C629A27C520620051BF69 /* Assets.xcassets */,
				7C8C629C27C520620051BF69 /* LaunchScreen.storyboard */,
				7C8C629F27C520620051BF69 /* Info.plist */,
			);
			path = LOGIN_CALCULATOR;
			sourceTree = "<group>";
		};
/* End PBXGroup section */

/* Begin PBXNativeTarget section */
		7C8C628D27C520610051BF69 /* LOGIN_CALCULATOR */ = {
			isa = PBXNativeTarget;
			buildConfigurationList = 7C8C62A227C520620051BF69 /* Build configuration list for PBXNativeTarget "LOGIN_CALCULATOR" */;
			buildPhases = (
				7C8C628A27C520610051BF69 /* Sources */,
				7C8C628B27C520610051BF69 /* Frameworks */,
				7C8C628C27C520610051BF69 /* Resources */,
			);
			buildRules = (
			);
			dependencies = (
			);
			name = LOGIN_CALCULATOR;
			productName = LOGIN_CALCULATOR;
			productReference = 7C8C628E27C520610051BF69 /* LOGIN_CALCULATOR.app */;
			productType = "com.apple.product-type.application";
		};
/* End PBXNativeTarget section */

/* Begin PBXProject section */
		7C8C628627C520610051BF69 /* Project object */ = {
			isa = PBXProject;
			attributes = {
				BuildIndependentTargetsInParallel = 1;
				LastSwiftUpdateCheck = 1320;
				LastUpgradeCheck = 1320;
				TargetAttributes = {
					7C8C628D27C520610051BF69 = {
						CreatedOnToolsVersion = 13.2.1;
					};
				};
			};
			buildConfigurationList = 7C8C628927C520610051BF69 /* Build configuration list for PBXProject "LOGIN_CALCULATOR" */;
			compatibilityVersion = "Xcode 13.0";
			developmentRegion = en;
			hasScannedForEncodings = 0;
			knownRegions = (
				en,
				Base,
			);
			mainGroup = 7C8C628527C520610051BF69;
			productRefGroup = 7C8C628F27C520610051BF69 /* Products */;
			projectDirPath = "";
			projectRoot = "";
			targets = (
				7C8C628D27C520610051BF69 /* LOGIN_CALCULATOR */,
			);
		};
/* End PBXProject section */

/* Begin PBXResourcesBuildPhase section */
		7C8C628C27C520610051BF69 /* Resources */ = {
			isa = PBXResourcesBuildPhase;
			buildActionMask = 2147483647;
			files = (
				7C8C629E27C520620051BF69 /* LaunchScreen.storyboard in Resources */,
				7C8C629B27C520620051BF69 /* Assets.xcassets in Resources */,
				7C8C629927C520610051BF69 /* Main.storyboard in Resources */,
			);
			runOnlyForDeploymentPostprocessing = 0;
		};
/* End PBXResourcesBuildPhase section */

/* Begin PBXSourcesBuildPhase section */
		7C8C628A27C520610051BF69 /* Sources */ = {
			isa = PBXSourcesBuildPhase;
			buildActionMask = 2147483647;
			files = (
				7C8C62AA27C5397F0051BF69 /* CalcPageViewController.swift in Sources */,
				7C8C629627C520610051BF69 /* ViewController.swift in Sources */,
				7C8C629227C520610051BF69 /* AppDelegate.swift in Sources */,
				7C8C62AC27C53A860051BF69 /* changePwdPageViewController.swift in Sources */,
				7C8C62A827C538AB0051BF69 /* welcomePageViewController.swift in Sources */,
				7C8C629427C520610051BF69 /* SceneDelegate.swift in Sources */,
			);
			runOnlyForDeploymentPostprocessing = 0;
		};
/* End PBXSourcesBuildPhase section */

/* Begin PBXVariantGroup section */
		7C8C629727C520610051BF69 /* Main.storyboard */ = {
			isa = PBXVariantGroup;
			children = (
				7C8C629827C520610051BF69 /* Base */,
			);
			name = Main.storyboard;
			sourceTree = "<group>";
		};
		7C8C629C27C520620051BF69 /* LaunchScreen.storyboard */ = {
			isa = PBXVariantGroup;
			children = (
				7C8C629D27C520620051BF69 /* Base */,
			);
			name = LaunchScreen.storyboard;
			sourceTree = "<group>";
		};
/* End PBXVariantGroup section */

/* Begin XCBuildConfiguration section */
		7C8C62A027C520620051BF69 /* Debug */ = {
			isa = XCBuildConfiguration;
			buildSettings = {
				ALWAYS_SEARCH_USER_PATHS = NO;
				CLANG_ANALYZER_NONNULL = YES;
				CLANG_ANALYZER_NUMBER_OBJECT_CONVERSION = YES_AGGRESSIVE;
				CLANG_CXX_LANGUAGE_STANDARD = "gnu++17";
				CLANG_CXX_LIBRARY = "libc++";
				CLANG_ENABLE_MODULES = YES;
				CLANG_ENABLE_OBJC_ARC = YES;
				CLANG_ENABLE_OBJC_WEAK = YES;
				CLANG_WARN_BLOCK_CAPTURE_AUTORELEASING = YES;
				CLANG_WARN_BOOL_CONVERSION = YES;
				CLANG_WARN_COMMA = YES;
				CLANG_WARN_CONSTANT_CONVERSION = YES;
				CLANG_WARN_DEPRECATED_OBJC_IMPLEMENTATIONS = YES;
				CLANG_WARN_DIRECT_OBJC_ISA_USAGE = YES_ERROR;
				CLANG_WARN_DOCUMENTATION_COMMENTS = YES;
				CLANG_WARN_EMPTY_BODY = YES;
				CLANG_WARN_ENUM_CONVERSION = YES;
				CLANG_WARN_INFINITE_RECURSION = YES;
				CLANG_WARN_INT_CONVERSION = YES;
				CLANG_WARN_NON_LITERAL_NULL_CONVERSION = YES;
				CLANG_WARN_OBJC_IMPLICIT_RETAIN_SELF = YES;
				CLANG_WARN_OBJC_LITERAL_CONVERSION = YES;
				CLANG_WARN_OBJC_ROOT_CLASS = YES_ERROR;
				CLANG_WARN_QUOTED_INCLUDE_IN_FRAMEWORK_HEADER = YES;
				CLANG_WARN_RANGE_LOOP_ANALYSIS = YES;
				CLANG_WARN_STRICT_PROTOTYPES = YES;
				CLANG_WARN_SUSPICIOUS_MOVE = YES;
				CLANG_WARN_UNGUARDED_AVAILABILITY = YES_AGGRESSIVE;
				CLANG_WARN_UNREACHABLE_CODE = YES;
				CLANG_WARN__DUPLICATE_METHOD_MATCH = YES;
				COPY_PHASE_STRIP = NO;
				DEBUG_INFORMATION_FORMAT = dwarf;
				ENABLE_STRICT_OBJC_MSGSEND = YES;
				ENABLE_TESTABILITY = YES;
				GCC_C_LANGUAGE_STANDARD = gnu11;
				GCC_DYNAMIC_NO_PIC = NO;
				GCC_NO_COMMON_BLOCKS = YES;
				GCC_OPTIMIZATION_LEVEL = 0;
				GCC_PREPROCESSOR_DEFINITIONS = (
					"DEBUG=1",
					"$(inherited)",
				);
				GCC_WARN_64_TO_32_BIT_CONVERSION = YES;
				GCC_WARN_ABOUT_RETURN_TYPE = YES_ERROR;
				GCC_WARN_UNDECLARED_SELECTOR = YES;
				GCC_WARN_UNINITIALIZED_AUTOS = YES_AGGRESSIVE;
				GCC_WARN_UNUSED_FUNCTION = YES;
				GCC_WARN_UNUSED_VARIABLE = YES;
				IPHONEOS_DEPLOYMENT_TARGET = 15.2;
				MTL_ENABLE_DEBUG_INFO = INCLUDE_SOURCE;
				MTL_FAST_MATH = YES;
				ONLY_ACTIVE_ARCH = YES;
				SDKROOT = iphoneos;
				SWIFT_ACTIVE_COMPILATION_CONDITIONS = DEBUG;
				SWIFT_OPTIMIZATION_LEVEL = "-Onone";
			};
			name = Debug;
		};
		7C8C62A127C520620051BF69 /* Release */ = {
			isa = XCBuildConfiguration;
			buildSettings = {
				ALWAYS_SEARCH_USER_PATHS = NO;
				CLANG_ANALYZER_NONNULL = YES;
				CLANG_ANALYZER_NUMBER_OBJECT_CONVERSION = YES_AGGRESSIVE;
				CLANG_CXX_LANGUAGE_STANDARD = "gnu++17";
				CLANG_CXX_LIBRARY = "libc++";
				CLANG_ENABLE_MODULES = YES;
				CLANG_ENABLE_OBJC_ARC = YES;
				CLANG_ENABLE_OBJC_WEAK = YES;
				CLANG_WARN_BLOCK_CAPTURE_AUTORELEASING = YES;
				CLANG_WARN_BOOL_CONVERSION = YES;
				CLANG_WARN_COMMA = YES;
				CLANG_WARN_CONSTANT_CONVERSION = YES;
				CLANG_WARN_DEPRECATED_OBJC_IMPLEMENTATIONS = YES;
				CLANG_WARN_DIRECT_OBJC_ISA_USAGE = YES_ERROR;
				CLANG_WARN_DOCUMENTATION_COMMENTS = YES;
				CLANG_WARN_EMPTY_BODY = YES;
				CLANG_WARN_ENUM_CONVERSION = YES;
				CLANG_WARN_INFINITE_RECURSION = YES;
				CLANG_WARN_INT_CONVERSION = YES;
				CLANG_WARN_NON_LITERAL_NULL_CONVERSION = YES;
				CLANG_WARN_OBJC_IMPLICIT_RETAIN_SELF = YES;
				CLANG_WARN_OBJC_LITERAL_CONVERSION = YES;
				CLANG_WARN_OBJC_ROOT_CLASS = YES_ERROR;
				CLANG_WARN_QUOTED_INCLUDE_IN_FRAMEWORK_HEADER = YES;
				CLANG_WARN_RANGE_LOOP_ANALYSIS = YES;
				CLANG_WARN_STRICT_PROTOTYPES = YES;
				CLANG_WARN_SUSPICIOUS_MOVE = YES;
				CLANG_WARN_UNGUARDED_AVAILABILITY = YES_AGGRESSIVE;
				CLANG_WARN_UNREACHABLE_CODE = YES;
				CLANG_WARN__DUPLICATE_METHOD_MATCH = YES;
				COPY_PHASE_STRIP = NO;
				DEBUG_INFORMATION_FORMAT = "dwarf-with-dsym";
				ENABLE_NS_ASSERTIONS = NO;
				ENABLE_STRICT_OBJC_MSGSEND = YES;
				GCC_C_LANGUAGE_STANDARD = gnu11;
				GCC_NO_COMMON_BLOCKS = YES;
				GCC_WARN_64_TO_32_BIT_CONVERSION = YES;
				GCC_WARN_ABOUT_RETURN_TYPE = YES_ERROR;
				GCC_WARN_UNDECLARED_SELECTOR = YES;
				GCC_WARN_UNINITIALIZED_AUTOS = YES_AGGRESSIVE;
				GCC_WARN_UNUSED_FUNCTION = YES;
				GCC_WARN_UNUSED_VARIABLE = YES;
				IPHONEOS_DEPLOYMENT_TARGET = 15.2;
				MTL_ENABLE_DEBUG_INFO = NO;
				MTL_FAST_MATH = YES;
				SDKROOT = iphoneos;
				SWIFT_COMPILATION_MODE = wholemodule;
				SWIFT_OPTIMIZATION_LEVEL = "-O";
				VALIDATE_PRODUCT = YES;
			};
			name = Release;
		};
		7C8C62A327C520620051BF69 /* Debug */ = {
			isa = XCBuildConfiguration;
			buildSettings = {
				ASSETCATALOG_COMPILER_APPICON_NAME = AppIcon;
				ASSETCATALOG_COMPILER_GLOBAL_ACCENT_COLOR_NAME = AccentColor;
				CODE_SIGN_STYLE = Automatic;
				CURRENT_PROJECT_VERSION = 1;
				GENERATE_INFOPLIST_FILE = YES;
				INFOPLIST_FILE = LOGIN_CALCULATOR/Info.plist;
				INFOPLIST_KEY_UIApplicationSupportsIndirectInputEvents = YES;
				INFOPLIST_KEY_UILaunchStoryboardName = LaunchScreen;
				INFOPLIST_KEY_UIMainStoryboardFile = Main;
				INFOPLIST_KEY_UISupportedInterfaceOrientations_iPad = "UIInterfaceOrientationPortrait UIInterfaceOrientationPortraitUpsideDown UIInterfaceOrientationLandscapeLeft UIInterfaceOrientationLandscapeRight";
				INFOPLIST_KEY_UISupportedInterfaceOrientations_iPhone = "UIInterfaceOrientationPortrait UIInterfaceOrientationLandscapeLeft UIInterfaceOrientationLandscapeRight";
				LD_RUNPATH_SEARCH_PATHS = (
					"$(inherited)",
					"@executable_path/Frameworks",
				);
				MARKETING_VERSION = 1.0;
				PRODUCT_BUNDLE_IDENTIFIER = "com.Vir.Inclassexes.LOGIN-CALCULATOR";
				PRODUCT_NAME = "$(TARGET_NAME)";
				SWIFT_EMIT_LOC_STRINGS = YES;
				SWIFT_VERSION = 5.0;
				TARGETED_DEVICE_FAMILY = "1,2";
			};
			name = Debug;
		};
		7C8C62A427C520620051BF69 /* Release */ = {
			isa = XCBuildConfiguration;
			buildSettings = {
				ASSETCATALOG_COMPILER_APPICON_NAME = AppIcon;
				ASSETCATALOG_COMPILER_GLOBAL_ACCENT_COLOR_NAME = AccentColor;
				CODE_SIGN_STYLE = Automatic;
				CURRENT_PROJECT_VERSION = 1;
				GENERATE_INFOPLIST_FILE = YES;
				INFOPLIST_FILE = LOGIN_CALCULATOR/Info.plist;
				INFOPLIST_KEY_UIApplicationSupportsIndirectInputEvents = YES;
				INFOPLIST_KEY_UILaunchStoryboardName = LaunchScreen;
				INFOPLIST_KEY_UIMainStoryboardFile = Main;
				INFOPLIST_KEY_UISupportedInterfaceOrientations_iPad = "UIInterfaceOrientationPortrait UIInterfaceOrientationPortraitUpsideDown UIInterfaceOrientationLandscapeLeft UIInterfaceOrientationLandscapeRight";
				INFOPLIST_KEY_UISupportedInterfaceOrientations_iPhone = "UIInterfaceOrientationPortrait UIInterfaceOrientationLandscapeLeft UIInterfaceOrientationLandscapeRight";
				LD_RUNPATH_SEARCH_PATHS = (
					"$(inherited)",
					"@executable_path/Frameworks",
				);
				MARKETING_VERSION = 1.0;
				PRODUCT_BUNDLE_IDENTIFIER = "com.Vir.Inclassexes.LOGIN-CALCULATOR";
				PRODUCT_NAME = "$(TARGET_NAME)";
				SWIFT_EMIT_LOC_STRINGS = YES;
				SWIFT_VERSION = 5.0;
				TARGETED_DEVICE_FAMILY = "1,2";
			};
			name = Release;
		};
/* End XCBuildConfiguration section */

/* Begin XCConfigurationList section */
		7C8C628927C520610051BF69 /* Build configuration list for PBXProject "LOGIN_CALCULATOR" */ = {
			isa = XCConfigurationList;
			buildConfigurations = (
				7C8C62A027C520620051BF69 /* Debug */,
				7C8C62A127C520620051BF69 /* Release */,
			);
			defaultConfigurationIsVisible = 0;
			defaultConfigurationName = Release;
		};
		7C8C62A227C520620051BF69 /* Build configuration list for PBXNativeTarget "LOGIN_CALCULATOR" */ = {
			isa = XCConfigurationList;
			buildConfigurations = (
				7C8C62A327C520620051BF69 /* Debug */,
				7C8C62A427C520620051BF69 /* Release */,
			);
			defaultConfigurationIsVisible = 0;
			defaultConfigurationName = Release;
		};
/* End XCConfigurationList section */
	};
	rootObject = 7C8C628627C520610051BF69 /* Project object */;
}
